
Microsoft Visual Studio Solution File, Format Version 12.00
# Visual Studio Version 18
VisualStudioVersion = 18.6.11822.322 stable
MinimumVisualStudioVersion = 10.0.40219.1
Project("{FAE04EC0-301F-11D3-BF4B-00C04F79EFBC}") = "Project_API", "Project_API\Project_API.csproj", "{FE91BF67-F15E-4EDB-B378-1B4FBBF9B95F}"
EndProject
Project("{FAE04EC0-301F-11D3-BF4B-00C04F79EFBC}") = "Domain", "Domain\Domain.csproj", "{72538C7E-DB7C-4607-A4E0-4FBEDB8469FC}"
EndProject
Project("{FAE04EC0-301F-11D3-BF4B-00C04F79EFBC}") = "Application", "Application\Application.csproj", "{0FC5D6B2-6C0D-4278-9903-573ACC5EC69A}"
EndProject
Project("{FAE04EC0-301F-11D3-BF4B-00C04F79EFBC}") = "Infrastructure", "Infrastructure\Infrastructure.csproj", "{830E3F81-3E18-44D7-A1BA-1C6EEBED457C}"
EndProject
Project("{FAE04EC0-301F-11D3-BF4B-00C04F79EFBC}") = "Test_Gigbridge-backend", "Test_Gigbridge-backend\Test_Gigbridge-backend.csproj", "{67A7B49E-46A4-484F-5414-5A027AAECF99}"
EndProject
Global
	GlobalSection(SolutionConfigurationPlatforms) = preSolution
		Debug|Any CPU = Debug|Any CPU
		Release|Any CPU = Release|Any CPU
	EndGlobalSection
	GlobalSection(ProjectConfigurationPlatforms) = postSolution
		{FE91BF67-F15E-4EDB-B378-1B4FBBF9B95F}.Debug|Any CPU.ActiveCfg = Debug|Any CPU
		{FE91BF67-F15E-4EDB-B378-1B4FBBF9B95F}.Debug|Any CPU.Build.0 = Debug|Any CPU
		{FE91BF67-F15E-4EDB-B378-1B4FBBF9B95F}.Release|Any CPU.ActiveCfg = Release|Any CPU
		{FE91BF67-F15E-4EDB-B378-1B4FBBF9B95F}.Release|Any CPU.Build.0 = Release|Any CPU
		{72538C7E-DB7C-4607-A4E0-4FBEDB8469FC}.Debug|Any CPU.ActiveCfg = Debug|Any CPU
		{72538C7E-DB7C-4607-A4E0-4FBEDB8469FC}.Debug|Any CPU.Build.0 = Debug|Any CPU
		{72538C7E-DB7C-4607-A4E0-4FBEDB8469FC}.Release|Any CPU.ActiveCfg = Release|Any CPU
		{72538C7E-DB7C-4607-A4E0-4FBEDB8469FC}.Release|Any CPU.Build.0 = Release|Any CPU
		{0FC5D6B2-6C0D-4278-9903-573ACC5EC69A}.Debug|Any CPU.ActiveCfg = Debug|Any CPU
		{0FC5D6B2-6C0D-4278-9903-573ACC5EC69A}.Debug|Any CPU.Build.0 = Debug|Any CPU
		{0FC5D6B2-6C0D-4278-9903-573ACC5EC69A}.Release|Any CPU.ActiveCfg = Release|Any CPU
		{0FC5D6B2-6C0D-4278-9903-573ACC5EC69A}.Release|Any CPU.Build.0 = Release|Any CPU
		{830E3F81-3E18-44D7-A1BA-1C6EEBED457C}.Debug|Any CPU.ActiveCfg = Debug|Any CPU
		{830E3F81-3E18-44D7-A1BA-1C6EEBED457C}.Debug|Any CPU.Build.0 = Debug|Any CPU
		{830E3F81-3E18-44D7-A1BA-1C6EEBED457C}.Release|Any CPU.ActiveCfg = Release|Any CPU
		{830E3F81-3E18-44D7-A1BA-1C6EEBED457C}.Release|Any CPU.Build.0 = Release|Any CPU
		{67A7B49E-46A4-484F-5414-5A027AAECF99}.Debug|Any CPU.ActiveCfg = Debug|Any CPU
		{67A7B49E-46A4-484F-5414-5A027AAECF99}.Debug|Any CPU.Build.0 = Debug|Any CPU
		{67A7B49E-46A4-484F-5414-5A027AAECF99}.Release|Any CPU.ActiveCfg = Release|Any CPU
		{67A7B49E-46A4-484F-5414-5A027AAECF99}.Release|Any CPU.Build.0 = Release|Any CPU
	EndGlobalSection
	GlobalSection(SolutionProperties) = preSolution
		HideSolutionNode = FALSE
	EndGlobalSection
	GlobalSection(ExtensibilityGlobals) = postSolution
		SolutionGuid = {0450D250-C1AA-400D-9D66-E359D1911D9F}
	EndGlobalSection
EndGlobal
